{
  "name": "prompts-unificando",
  "version": "1.0.1",
  "lockfileVersion": 3,
  "requires": true,
  "packages": {
    "": {
      "name": "prompts-unificando",
      "version": "1.0.1",
      "license": "MIT",
      "bin": {
        "prompts-unificando": "bin/cli.js"
      },
      "engines": {
        "node": ">=18"
      }
    }
  }
}
